
Microsoft Visual Studio Solution File, Format Version 12.00
# Visual Studio Version 16
VisualStudioVersion = 16.0.31019.35
MinimumVisualStudioVersion = 10.0.40219.1
Project("{FAE04EC0-301F-11D3-BF4B-00C04F79EFBC}") = "Ukazatel", "Ukazatel\Ukazatel.csproj", "{E10DC00F-BB1C-4E3A-AB59-B4E394A1D269}"
EndProject
Global
	GlobalSection(SolutionConfigurationPlatforms) = preSolution
		Debug|Any CPU = Debug|Any CPU
		Release|Any CPU = Release|Any CPU
	EndGlobalSection
	GlobalSection(ProjectConfigurationPlatforms) = postSolution
		{E10DC00F-BB1C-4E3A-AB59-B4E394A1D269}.Debug|Any CPU.ActiveCfg = Debug|Any CPU
		{E10DC00F-BB1C-4E3A-AB59-B4E394A1D269}.Debug|Any CPU.Build.0 = Debug|Any CPU
		{E10DC00F-BB1C-4E3A-AB59-B4E394A1D269}.Release|Any CPU.ActiveCfg = Release|Any CPU
		{E10DC00F-BB1C-4E3A-AB59-B4E394A1D269}.Release|Any CPU.Build.0 = Release|Any CPU
	EndGlobalSection
	GlobalSection(SolutionProperties) = preSolution
		HideSolutionNode = FALSE
	EndGlobalSection
	GlobalSection(ExtensibilityGlobals) = postSolution
		SolutionGuid = {C56F6E40-C960-4F20-AE0E-425D1CF97575}
	EndGlobalSection
EndGlobal
